
Microsoft Visual Studio Solution File, Format Version 12.00
# Visual Studio Version 17
VisualStudioVersion = 17.7.34202.233
MinimumVisualStudioVersion = 10.0.40219.1
Project("{9A19103F-16F7-4668-BE54-9A1E7A4F7556}") = "PumpkinTale", "PumpkinTale\PumpkinTale.csproj", "{AA3CF8EF-80E9-4C84-A0D6-BB48A02B8805}"
EndProject
Project("{9A19103F-16F7-4668-BE54-9A1E7A4F7556}") = "BankApp", "BankApp\BankApp.csproj", "{074BD2EE-77D9-4283-9054-88DAC6C19EDB}"
EndProject
Global
	GlobalSection(SolutionConfigurationPlatforms) = preSolution
		Debug|Any CPU = Debug|Any CPU
		Release|Any CPU = Release|Any CPU
	EndGlobalSection
	GlobalSection(ProjectConfigurationPlatforms) = postSolution
		{AA3CF8EF-80E9-4C84-A0D6-BB48A02B8805}.Debug|Any CPU.ActiveCfg = Debug|Any CPU
		{AA3CF8EF-80E9-4C84-A0D6-BB48A02B8805}.Debug|Any CPU.Build.0 = Debug|Any CPU
		{AA3CF8EF-80E9-4C84-A0D6-BB48A02B8805}.Release|Any CPU.ActiveCfg = Release|Any CPU
		{AA3CF8EF-80E9-4C84-A0D6-BB48A02B8805}.Release|Any CPU.Build.0 = Release|Any CPU
		{074BD2EE-77D9-4283-9054-88DAC6C19EDB}.Debug|Any CPU.ActiveCfg = Debug|Any CPU
		{074BD2EE-77D9-4283-9054-88DAC6C19EDB}.Debug|Any CPU.Build.0 = Debug|Any CPU
		{074BD2EE-77D9-4283-9054-88DAC6C19EDB}.Release|Any CPU.ActiveCfg = Release|Any CPU
		{074BD2EE-77D9-4283-9054-88DAC6C19EDB}.Release|Any CPU.Build.0 = Release|Any CPU
	EndGlobalSection
	GlobalSection(SolutionProperties) = preSolution
		HideSolutionNode = FALSE
	EndGlobalSection
	GlobalSection(ExtensibilityGlobals) = postSolution
		SolutionGuid = {6BEA89A4-574D-43B9-A422-AFE21CE2BB0C}
	EndGlobalSection
EndGlobal
